
Microsoft Visual Studio Solution File, Format Version 12.00
# Visual Studio Version 16
VisualStudioVersion = 16.0.30907.101
MinimumVisualStudioVersion = 10.0.40219.1
Project("{FAE04EC0-301F-11D3-BF4B-00C04F79EFBC}") = "AgnaresImageEditorNew", "AgnaresImageEditorNew\AgnaresImageEditorNew.csproj", "{FA4A8B87-7BE6-41F6-9AFA-B914F1865BED}"
EndProject
Global
	GlobalSection(SolutionConfigurationPlatforms) = preSolution
		Debug|Any CPU = Debug|Any CPU
		Release|Any CPU = Release|Any CPU
	EndGlobalSection
	GlobalSection(ProjectConfigurationPlatforms) = postSolution
		{FA4A8B87-7BE6-41F6-9AFA-B914F1865BED}.Debug|Any CPU.ActiveCfg = Debug|Any CPU
		{FA4A8B87-7BE6-41F6-9AFA-B914F1865BED}.Debug|Any CPU.Build.0 = Debug|Any CPU
		{FA4A8B87-7BE6-41F6-9AFA-B914F1865BED}.Release|Any CPU.ActiveCfg = Release|Any CPU
		{FA4A8B87-7BE6-41F6-9AFA-B914F1865BED}.Release|Any CPU.Build.0 = Release|Any CPU
	EndGlobalSection
	GlobalSection(SolutionProperties) = preSolution
		HideSolutionNode = FALSE
	EndGlobalSection
	GlobalSection(ExtensibilityGlobals) = postSolution
		SolutionGuid = {B8EA88F1-CD27-4804-B677-6C9F58615ABA}
	EndGlobalSection
EndGlobal
